
Microsoft Visual Studio Solution File, Format Version 12.00
# Visual Studio Version 17
VisualStudioVersion = 17.5.002.0
MinimumVisualStudioVersion = 10.0.40219.1
Project("{2150E333-8FDC-42A3-9474-1A3956D46DE8}") = "Part_1", "Part_1", "{874B25BD-28F8-4308-B503-DF4CCA7D4362}"
EndProject
Project("{9A19103F-16F7-4668-BE54-9A1E7A4F7556}") = "Core_Concepts", "Part_1\Core_Concepts\Core_Concepts.csproj", "{431D6C87-67CD-47DF-A94B-D31DC043B33D}"
EndProject
Project("{9A19103F-16F7-4668-BE54-9A1E7A4F7556}") = "Console", "Part_1\Console\Console.csproj", "{022B4940-3A26-418B-87E2-676C6749BB6F}"
EndProject
Global
	GlobalSection(SolutionConfigurationPlatforms) = preSolution
		Debug|Any CPU = Debug|Any CPU
		Release|Any CPU = Release|Any CPU
	EndGlobalSection
	GlobalSection(ProjectConfigurationPlatforms) = postSolution
		{431D6C87-67CD-47DF-A94B-D31DC043B33D}.Debug|Any CPU.ActiveCfg = Debug|Any CPU
		{431D6C87-67CD-47DF-A94B-D31DC043B33D}.Debug|Any CPU.Build.0 = Debug|Any CPU
		{431D6C87-67CD-47DF-A94B-D31DC043B33D}.Release|Any CPU.ActiveCfg = Release|Any CPU
		{431D6C87-67CD-47DF-A94B-D31DC043B33D}.Release|Any CPU.Build.0 = Release|Any CPU
		{022B4940-3A26-418B-87E2-676C6749BB6F}.Debug|Any CPU.ActiveCfg = Debug|Any CPU
		{022B4940-3A26-418B-87E2-676C6749BB6F}.Debug|Any CPU.Build.0 = Debug|Any CPU
		{022B4940-3A26-418B-87E2-676C6749BB6F}.Release|Any CPU.ActiveCfg = Release|Any CPU
		{022B4940-3A26-418B-87E2-676C6749BB6F}.Release|Any CPU.Build.0 = Release|Any CPU
	EndGlobalSection
	GlobalSection(SolutionProperties) = preSolution
		HideSolutionNode = FALSE
	EndGlobalSection
	GlobalSection(NestedProjects) = preSolution
		{431D6C87-67CD-47DF-A94B-D31DC043B33D} = {874B25BD-28F8-4308-B503-DF4CCA7D4362}
		{022B4940-3A26-418B-87E2-676C6749BB6F} = {874B25BD-28F8-4308-B503-DF4CCA7D4362}
	EndGlobalSection
	GlobalSection(ExtensibilityGlobals) = postSolution
		SolutionGuid = {035C216A-4D82-4A94-A321-14F2BDF658C8}
	EndGlobalSection
EndGlobal
